
Microsoft Visual Studio Solution File, Format Version 10.00
# Visual Studio 2008
Project("{2150E333-8FDC-42A3-9474-1A3956D46DE8}") = "Database", "Database", "{39AA2944-6984-424F-8197-9345A9A34B02}"
	ProjectSection(SolutionItems) = preProject
		Source\Database001.sql = Source\Database001.sql
	EndProjectSection
EndProject
Project("{FAE04EC0-301F-11D3-BF4B-00C04F79EFBC}") = "Lokad.Translate", "Source\Lokad.Translate\Lokad.Translate.csproj", "{71640C96-3B28-4FDE-B9FE-97F513E5352D}"
EndProject
Project("{CC5FD16D-436D-48AD-A40C-5A424C6E3E79}") = "Lokad.Translate.Azure", "Source\Lokad.Translate.Azure\Lokad.Translate.Azure.ccproj", "{C4B67B59-D24F-4CDA-9784-A3541F1BDE75}"
EndProject
Project("{FAE04EC0-301F-11D3-BF4B-00C04F79EFBC}") = "Lokad.Translate.Persistence", "Source\Lokad.Translate.Persistence\Lokad.Translate.Persistence.csproj", "{B25EA4AA-5A0D-4515-979A-B47446EF34F2}"
EndProject
Project("{FAE04EC0-301F-11D3-BF4B-00C04F79EFBC}") = "Lokad.Translate.Tests", "Source\Lokad.Translate.Tests\Lokad.Translate.Tests.csproj", "{4852CE42-E4AC-4450-9235-180BB9707FB1}"
EndProject
Project("{FAE04EC0-301F-11D3-BF4B-00C04F79EFBC}") = "Lokad.Translate.Worker", "Source\Lokad.Translate.Worker\Lokad.Translate.Worker.csproj", "{8CC16FCA-2242-4A33-A907-259A1CA48487}"
EndProject
Global
	GlobalSection(SolutionConfigurationPlatforms) = preSolution
		Debug|Any CPU = Debug|Any CPU
		Release|Any CPU = Release|Any CPU
	EndGlobalSection
	GlobalSection(ProjectConfigurationPlatforms) = postSolution
		{71640C96-3B28-4FDE-B9FE-97F513E5352D}.Debug|Any CPU.ActiveCfg = Debug|Any CPU
		{71640C96-3B28-4FDE-B9FE-97F513E5352D}.Debug|Any CPU.Build.0 = Debug|Any CPU
		{71640C96-3B28-4FDE-B9FE-97F513E5352D}.Release|Any CPU.ActiveCfg = Release|Any CPU
		{71640C96-3B28-4FDE-B9FE-97F513E5352D}.Release|Any CPU.Build.0 = Release|Any CPU
		{C4B67B59-D24F-4CDA-9784-A3541F1BDE75}.Debug|Any CPU.ActiveCfg = Debug|Any CPU
		{C4B67B59-D24F-4CDA-9784-A3541F1BDE75}.Debug|Any CPU.Build.0 = Debug|Any CPU
		{C4B67B59-D24F-4CDA-9784-A3541F1BDE75}.Release|Any CPU.ActiveCfg = Release|Any CPU
		{C4B67B59-D24F-4CDA-9784-A3541F1BDE75}.Release|Any CPU.Build.0 = Release|Any CPU
		{B25EA4AA-5A0D-4515-979A-B47446EF34F2}.Debug|Any CPU.ActiveCfg = Debug|Any CPU
		{B25EA4AA-5A0D-4515-979A-B47446EF34F2}.Debug|Any CPU.Build.0 = Debug|Any CPU
		{B25EA4AA-5A0D-4515-979A-B47446EF34F2}.Release|Any CPU.ActiveCfg = Release|Any CPU
		{B25EA4AA-5A0D-4515-979A-B47446EF34F2}.Release|Any CPU.Build.0 = Release|Any CPU
		{4852CE42-E4AC-4450-9235-180BB9707FB1}.Debug|Any CPU.ActiveCfg = Debug|Any CPU
		{4852CE42-E4AC-4450-9235-180BB9707FB1}.Debug|Any CPU.Build.0 = Debug|Any CPU
		{4852CE42-E4AC-4450-9235-180BB9707FB1}.Release|Any CPU.ActiveCfg = Release|Any CPU
		{4852CE42-E4AC-4450-9235-180BB9707FB1}.Release|Any CPU.Build.0 = Release|Any CPU
		{8CC16FCA-2242-4A33-A907-259A1CA48487}.Debug|Any CPU.ActiveCfg = Debug|Any CPU
		{8CC16FCA-2242-4A33-A907-259A1CA48487}.Debug|Any CPU.Build.0 = Debug|Any CPU
		{8CC16FCA-2242-4A33-A907-259A1CA48487}.Release|Any CPU.ActiveCfg = Release|Any CPU
		{8CC16FCA-2242-4A33-A907-259A1CA48487}.Release|Any CPU.Build.0 = Release|Any CPU
	EndGlobalSection
	GlobalSection(SolutionProperties) = preSolution
		HideSolutionNode = FALSE
	EndGlobalSection
EndGlobal
